
Microsoft Visual Studio Solution File, Format Version 12.00
Project("{F2A71F9B-5D33-465A-A702-920D77279786}") = "Day01", "Day01\Day01.fsproj", "{A30BADBE-5D8C-419B-A2E4-D78E427ADCA1}"
EndProject
Project("{F2A71F9B-5D33-465A-A702-920D77279786}") = "Common", "Common\Common.fsproj", "{4EE5B070-36B4-406B-9A7B-05C06792776B}"
EndProject
Project("{F2A71F9B-5D33-465A-A702-920D77279786}") = "Day02", "Day02\Day02.fsproj", "{54733376-91ED-4B57-9A48-224D4A9A6FF6}"
EndProject
Project("{F2A71F9B-5D33-465A-A702-920D77279786}") = "Day03", "Day03\Day03.fsproj", "{15008552-5D98-48E7-AB22-A02B94F17CB2}"
EndProject
Project("{F2A71F9B-5D33-465A-A702-920D77279786}") = "Day04", "Day04\Day04.fsproj", "{F03F4D9A-A604-43BB-BA47-6BF30F2D02E3}"
EndProject
Project("{F2A71F9B-5D33-465A-A702-920D77279786}") = "Day05", "Day05\Day05.fsproj", "{95C3922E-18BB-4DF1-949A-C976C37EE587}"
EndProject
Project("{F2A71F9B-5D33-465A-A702-920D77279786}") = "Day06", "Day06\Day06.fsproj", "{537B62C4-6A49-4AB9-B874-F59DA9CE6919}"
EndProject
Project("{F2A71F9B-5D33-465A-A702-920D77279786}") = "Day07", "Day07\Day07.fsproj", "{FD2DD783-DA90-4720-A454-101D0BE802D1}"
EndProject
Project("{F2A71F9B-5D33-465A-A702-920D77279786}") = "Day08", "Day08\Day08.fsproj", "{5D292801-AB09-44B5-9C4F-C7045B46D542}"
EndProject
Project("{F2A71F9B-5D33-465A-A702-920D77279786}") = "Day09", "Day09\Day09.fsproj", "{61AF6DEC-EE8F-4942-828F-AF7785969556}"
EndProject
Global
	GlobalSection(SolutionConfigurationPlatforms) = preSolution
		Debug|Any CPU = Debug|Any CPU
		Release|Any CPU = Release|Any CPU
	EndGlobalSection
	GlobalSection(ProjectConfigurationPlatforms) = postSolution
		{A30BADBE-5D8C-419B-A2E4-D78E427ADCA1}.Debug|Any CPU.ActiveCfg = Debug|Any CPU
		{A30BADBE-5D8C-419B-A2E4-D78E427ADCA1}.Debug|Any CPU.Build.0 = Debug|Any CPU
		{A30BADBE-5D8C-419B-A2E4-D78E427ADCA1}.Release|Any CPU.ActiveCfg = Release|Any CPU
		{A30BADBE-5D8C-419B-A2E4-D78E427ADCA1}.Release|Any CPU.Build.0 = Release|Any CPU
		{4EE5B070-36B4-406B-9A7B-05C06792776B}.Debug|Any CPU.ActiveCfg = Debug|Any CPU
		{4EE5B070-36B4-406B-9A7B-05C06792776B}.Debug|Any CPU.Build.0 = Debug|Any CPU
		{4EE5B070-36B4-406B-9A7B-05C06792776B}.Release|Any CPU.ActiveCfg = Release|Any CPU
		{4EE5B070-36B4-406B-9A7B-05C06792776B}.Release|Any CPU.Build.0 = Release|Any CPU
		{54733376-91ED-4B57-9A48-224D4A9A6FF6}.Debug|Any CPU.ActiveCfg = Debug|Any CPU
		{54733376-91ED-4B57-9A48-224D4A9A6FF6}.Debug|Any CPU.Build.0 = Debug|Any CPU
		{54733376-91ED-4B57-9A48-224D4A9A6FF6}.Release|Any CPU.ActiveCfg = Release|Any CPU
		{54733376-91ED-4B57-9A48-224D4A9A6FF6}.Release|Any CPU.Build.0 = Release|Any CPU
		{15008552-5D98-48E7-AB22-A02B94F17CB2}.Debug|Any CPU.ActiveCfg = Debug|Any CPU
		{15008552-5D98-48E7-AB22-A02B94F17CB2}.Debug|Any CPU.Build.0 = Debug|Any CPU
		{15008552-5D98-48E7-AB22-A02B94F17CB2}.Release|Any CPU.ActiveCfg = Release|Any CPU
		{15008552-5D98-48E7-AB22-A02B94F17CB2}.Release|Any CPU.Build.0 = Release|Any CPU
		{F03F4D9A-A604-43BB-BA47-6BF30F2D02E3}.Debug|Any CPU.ActiveCfg = Debug|Any CPU
		{F03F4D9A-A604-43BB-BA47-6BF30F2D02E3}.Debug|Any CPU.Build.0 = Debug|Any CPU
		{F03F4D9A-A604-43BB-BA47-6BF30F2D02E3}.Release|Any CPU.ActiveCfg = Release|Any CPU
		{F03F4D9A-A604-43BB-BA47-6BF30F2D02E3}.Release|Any CPU.Build.0 = Release|Any CPU
		{95C3922E-18BB-4DF1-949A-C976C37EE587}.Debug|Any CPU.ActiveCfg = Debug|Any CPU
		{95C3922E-18BB-4DF1-949A-C976C37EE587}.Debug|Any CPU.Build.0 = Debug|Any CPU
		{95C3922E-18BB-4DF1-949A-C976C37EE587}.Release|Any CPU.ActiveCfg = Release|Any CPU
		{95C3922E-18BB-4DF1-949A-C976C37EE587}.Release|Any CPU.Build.0 = Release|Any CPU
		{537B62C4-6A49-4AB9-B874-F59DA9CE6919}.Debug|Any CPU.ActiveCfg = Debug|Any CPU
		{537B62C4-6A49-4AB9-B874-F59DA9CE6919}.Debug|Any CPU.Build.0 = Debug|Any CPU
		{537B62C4-6A49-4AB9-B874-F59DA9CE6919}.Release|Any CPU.ActiveCfg = Release|Any CPU
		{537B62C4-6A49-4AB9-B874-F59DA9CE6919}.Release|Any CPU.Build.0 = Release|Any CPU
		{FD2DD783-DA90-4720-A454-101D0BE802D1}.Debug|Any CPU.ActiveCfg = Debug|Any CPU
		{FD2DD783-DA90-4720-A454-101D0BE802D1}.Debug|Any CPU.Build.0 = Debug|Any CPU
		{FD2DD783-DA90-4720-A454-101D0BE802D1}.Release|Any CPU.ActiveCfg = Release|Any CPU
		{FD2DD783-DA90-4720-A454-101D0BE802D1}.Release|Any CPU.Build.0 = Release|Any CPU
		{5D292801-AB09-44B5-9C4F-C7045B46D542}.Debug|Any CPU.ActiveCfg = Debug|Any CPU
		{5D292801-AB09-44B5-9C4F-C7045B46D542}.Debug|Any CPU.Build.0 = Debug|Any CPU
		{5D292801-AB09-44B5-9C4F-C7045B46D542}.Release|Any CPU.ActiveCfg = Release|Any CPU
		{5D292801-AB09-44B5-9C4F-C7045B46D542}.Release|Any CPU.Build.0 = Release|Any CPU
		{61AF6DEC-EE8F-4942-828F-AF7785969556}.Debug|Any CPU.ActiveCfg = Debug|Any CPU
		{61AF6DEC-EE8F-4942-828F-AF7785969556}.Debug|Any CPU.Build.0 = Debug|Any CPU
		{61AF6DEC-EE8F-4942-828F-AF7785969556}.Release|Any CPU.ActiveCfg = Release|Any CPU
		{61AF6DEC-EE8F-4942-828F-AF7785969556}.Release|Any CPU.Build.0 = Release|Any CPU
	EndGlobalSection
EndGlobal
